
Microsoft Visual Studio Solution File, Format Version 12.00
# Visual Studio 15
VisualStudioVersion = 15.0.28307.329
MinimumVisualStudioVersion = 10.0.40219.1
Project("{FAE04EC0-301F-11D3-BF4B-00C04F79EFBC}") = "DevOpsTestApp", "DevOpsTestApp\DevOpsTestApp.csproj", "{344FAA55-94CB-4F7F-A42E-921BA1266FB6}"
EndProject
Global
	GlobalSection(SolutionConfigurationPlatforms) = preSolution
		Debug|Any CPU = Debug|Any CPU
		Release|Any CPU = Release|Any CPU
	EndGlobalSection
	GlobalSection(ProjectConfigurationPlatforms) = postSolution
		{344FAA55-94CB-4F7F-A42E-921BA1266FB6}.Debug|Any CPU.ActiveCfg = Debug|Any CPU
		{344FAA55-94CB-4F7F-A42E-921BA1266FB6}.Debug|Any CPU.Build.0 = Debug|Any CPU
		{344FAA55-94CB-4F7F-A42E-921BA1266FB6}.Release|Any CPU.ActiveCfg = Release|Any CPU
		{344FAA55-94CB-4F7F-A42E-921BA1266FB6}.Release|Any CPU.Build.0 = Release|Any CPU
	EndGlobalSection
	GlobalSection(SolutionProperties) = preSolution
		HideSolutionNode = FALSE
	EndGlobalSection
	GlobalSection(ExtensibilityGlobals) = postSolution
		SolutionGuid = {8D396B92-6789-49B7-BAF9-AD8D0A5B1326}
	EndGlobalSection
EndGlobal
